schema: '2.0'
stages:
  split_data:
    cmd: python ./sms_split_data.py
    deps:
    - path: ./sms_split_data.py
      hash: md5
      md5: b7e01db2dfdde0d8a771c9825061c4db
      size: 1440
    - path: data/dvc/raw/sms+spam+collection.zip
      hash: md5
      md5: ab53f9571d479ee677e7b283a06a661a
      size: 203415
    outs:
    - path: data/dvc/data
      hash: md5
      md5: bb73bf3f9ed3697ed088eae887147d62.dir
      size: 210389
      nfiles: 3
  preprocess:
    cmd: python ./sms_preprocess.py
    deps:
    - path: ./sms_preprocess.py
      hash: md5
      md5: 9d6419d94edf02596890c053dfb09e32
      size: 953
    - path: data/dvc/data
      hash: md5
      md5: bb73bf3f9ed3697ed088eae887147d62.dir
      size: 210389
      nfiles: 3
    outs:
    - path: data/dvc/vectorized
      hash: md5
      md5: dde98c322a358ab1dd69c1afe0cada58.dir
      size: 639132
      nfiles: 6
  train:
    cmd: python ./sms_cls.py
    deps:
    - path: ./sms_cls.py
      hash: md5
      md5: 03a48fdb43741053297a851c253c4219
      size: 1399
    - path: data/dvc/vectorized
      hash: md5
      md5: dde98c322a358ab1dd69c1afe0cada58.dir
      size: 639132
      nfiles: 6
    outs:
    - path: data/dvc/metrics/test/conf_matrix.json
      hash: md5
      md5: 50ce17c92476e1b70d702b178f5cd081
      size: 111
    - path: data/dvc/metrics/test/roc_auc.json
      hash: md5
      md5: 20d1e6c2d0d34bd7e4a65689827dafab
      size: 31
    - path: data/dvc/metrics/train/conf_matrix.json
      hash: md5
      md5: 8ab66ab9dc53113beacac504024a66d8
      size: 95
    - path: data/dvc/metrics/train/roc_auc.json
      hash: md5
      md5: 8f5ff89e3100811770a666374bcfb8f5
      size: 31
    - path: data/dvc/metrics/val/conf_matrix.json
      hash: md5
      md5: 4ca15b9f6efae514b4e46a68d25c5b57
      size: 112
    - path: data/dvc/metrics/val/roc_auc.json
      hash: md5
      md5: 401bef9baebe2d857efe971a19078981
      size: 30
